
Microsoft Visual Studio Solution File, Format Version 12.00
# Visual Studio Version 17
VisualStudioVersion = 17.9.34622.214
MinimumVisualStudioVersion = 10.0.40219.1
Project("{FAE04EC0-301F-11D3-BF4B-00C04F79EFBC}") = "Kalkulator", "Kalkulator\Kalkulator.csproj", "{A2004169-1E48-40E8-9304-3D8B77B8257E}"
EndProject
Global
	GlobalSection(SolutionConfigurationPlatforms) = preSolution
		Debug|Any CPU = Debug|Any CPU
		Release|Any CPU = Release|Any CPU
	EndGlobalSection
	GlobalSection(ProjectConfigurationPlatforms) = postSolution
		{A2004169-1E48-40E8-9304-3D8B77B8257E}.Debug|Any CPU.ActiveCfg = Debug|Any CPU
		{A2004169-1E48-40E8-9304-3D8B77B8257E}.Debug|Any CPU.Build.0 = Debug|Any CPU
		{A2004169-1E48-40E8-9304-3D8B77B8257E}.Release|Any CPU.ActiveCfg = Release|Any CPU
		{A2004169-1E48-40E8-9304-3D8B77B8257E}.Release|Any CPU.Build.0 = Release|Any CPU
	EndGlobalSection
	GlobalSection(SolutionProperties) = preSolution
		HideSolutionNode = FALSE
	EndGlobalSection
	GlobalSection(ExtensibilityGlobals) = postSolution
		SolutionGuid = {E62A4814-CDB1-45E0-B5B3-577FB4365B48}
	EndGlobalSection
EndGlobal
